
Microsoft Visual Studio Solution File, Format Version 12.00
# Visual Studio Version 16
VisualStudioVersion = 16.0.31515.178
MinimumVisualStudioVersion = 10.0.40219.1
Project("{FAE04EC0-301F-11D3-BF4B-00C04F79EFBC}") = "Menu", "Menu\Menu.csproj", "{6E014C28-5279-44A1-94FA-4B2B6F4FFFEB}"
EndProject
Global
	GlobalSection(SolutionConfigurationPlatforms) = preSolution
		Debug|Any CPU = Debug|Any CPU
		Release|Any CPU = Release|Any CPU
	EndGlobalSection
	GlobalSection(ProjectConfigurationPlatforms) = postSolution
		{6E014C28-5279-44A1-94FA-4B2B6F4FFFEB}.Debug|Any CPU.ActiveCfg = Debug|Any CPU
		{6E014C28-5279-44A1-94FA-4B2B6F4FFFEB}.Debug|Any CPU.Build.0 = Debug|Any CPU
		{6E014C28-5279-44A1-94FA-4B2B6F4FFFEB}.Release|Any CPU.ActiveCfg = Release|Any CPU
		{6E014C28-5279-44A1-94FA-4B2B6F4FFFEB}.Release|Any CPU.Build.0 = Release|Any CPU
	EndGlobalSection
	GlobalSection(SolutionProperties) = preSolution
		HideSolutionNode = FALSE
	EndGlobalSection
	GlobalSection(ExtensibilityGlobals) = postSolution
		SolutionGuid = {9BE45DB6-4969-4860-88A6-330CCAA14F20}
	EndGlobalSection
EndGlobal
